
Microsoft Visual Studio Solution File, Format Version 12.00
# Visual Studio Version 16
VisualStudioVersion = 16.0.31424.327
MinimumVisualStudioVersion = 10.0.40219.1
Project("{888888A0-9F3D-457C-B088-3A5042F75D52}") = "Modified_Caesar_Cipher", "Modified_Caesar_Cipher\Modified_Caesar_Cipher.pyproj", "{D67EE33B-F31F-4E8D-AFB3-5B3257996CF4}"
EndProject
Global
	GlobalSection(SolutionConfigurationPlatforms) = preSolution
		Debug|Any CPU = Debug|Any CPU
		Release|Any CPU = Release|Any CPU
	EndGlobalSection
	GlobalSection(ProjectConfigurationPlatforms) = postSolution
		{D67EE33B-F31F-4E8D-AFB3-5B3257996CF4}.Debug|Any CPU.ActiveCfg = Debug|Any CPU
		{D67EE33B-F31F-4E8D-AFB3-5B3257996CF4}.Release|Any CPU.ActiveCfg = Release|Any CPU
	EndGlobalSection
	GlobalSection(SolutionProperties) = preSolution
		HideSolutionNode = FALSE
	EndGlobalSection
	GlobalSection(ExtensibilityGlobals) = postSolution
		SolutionGuid = {493FA1F9-2196-49DB-B982-C8E7F1E04D1D}
	EndGlobalSection
EndGlobal
